{
  "name": "edit-content",
  "version": "0.1.0",
  "lockfileVersion": 1,
  "requires": true,
  "dependencies": {
    "@base2/pretty-print-object": {
      "version": "1.0.0",
      "resolved": "https://registry.npmjs.org/@base2/pretty-print-object/-/pretty-print-object-1.0.0.tgz",
      "integrity": "sha512-4Th98KlMHr5+JkxfcoDT//6vY8vM+iSPrLNpHhRyLx2CFYi8e2RfqPLdpbnpo0Q5lQC5hNB79yes07zb02fvCw=="
    },
    "@next/env": {
      "version": "13.0.4",
      "resolved": "https://registry.npmjs.org/@next/env/-/env-13.0.4.tgz",
      "integrity": "sha512-N5Z3bdxBzoxrC5bwykDFITzdWuwDteOdZ+7nxixY+I1XpRX8/iQYbw2wuXMdqdfBGm2NNUpAqg8YF2e4oAC2UQ=="
    },
    "@next/swc-android-arm-eabi": {
      "version": "13.0.4",
      "resolved": "https://registry.npmjs.org/@next/swc-android-arm-eabi/-/swc-android-arm-eabi-13.0.4.tgz",
      "integrity": "sha512-SD9H+/zuV3L0oHIhsDdFkDqFtg6pIHtqRUPlsrNdOsmWXgMlSzxBmwt2ta4kyrazS62BQu7XRUG++ZyODS7AWg==",
      "optional": true
    },
    "@next/swc-android-arm64": {
      "version": "13.0.4",
      "resolved": "https://registry.npmjs.org/@next/swc-android-arm64/-/swc-android-arm64-13.0.4.tgz",
      "integrity": "sha512-F8W5WcBbdn/zBoy32/mQiefs9DNsT12CTSSVCsO8GvQR7GjJU+uduQ4drKcSDoDLuAFULc2jDN06Circq4vuQg==",
      "optional": true
    },
    "@next/swc-darwin-arm64": {
      "version": "13.0.4",
      "resolved": "https://registry.npmjs.org/@next/swc-darwin-arm64/-/swc-darwin-arm64-13.0.4.tgz",
      "integrity": "sha512-/lajev+9GSie+rRTl5z8skW9RJwZ+TwMKLzzM24TbDk8lUjqPTyJZ/cU0NDj8J7VQAZ6EehACSh9rcJeBRtLuA==",
      "optional": true
    },
    "@next/swc-darwin-x64": {
      "version": "13.0.4",
      "resolved": "https://registry.npmjs.org/@next/swc-darwin-x64/-/swc-darwin-x64-13.0.4.tgz",
      "integrity": "sha512-HK4b2rFiju8d40GTL/jH9U6OQ7BYA2MeEHs7Dm7Rp7kwQtLzP3z6osdQS8er20tIFHDE4b+oVBy03ZUQkHf0Pg==",
      "optional": true
    },
    "@next/swc-freebsd-x64": {
      "version": "13.0.4",
      "resolved": "https://registry.npmjs.org/@next/swc-freebsd-x64/-/swc-freebsd-x64-13.0.4.tgz",
      "integrity": "sha512-xBvIGLaGzZtgJfRRJ2DBN82DQCJ/O7jkXyBp8X/vHefPWyVXVqF6C68Rv8ADp11thPpf8WpjkvDDLb9AuWHQUA==",
      "optional": true
    },
    "@next/swc-linux-arm-gnueabihf": {
      "version": "13.0.4",
      "resolved": "https://registry.npmjs.org/@next/swc-linux-arm-gnueabihf/-/swc-linux-arm-gnueabihf-13.0.4.tgz",
      "integrity": "sha512-s13pxNp9deKmmxEGTp1MoL1e4nf4wbEymEaHgFxUlhoR1OD9tK8oTNrQphQePJgVjzcWmRGH/dX7O9mVkHbU/g==",
      "optional": true
    },
    "@next/swc-linux-arm64-gnu": {
      "version": "13.0.4",
      "resolved": "https://registry.npmjs.org/@next/swc-linux-arm64-gnu/-/swc-linux-arm64-gnu-13.0.4.tgz",
      "integrity": "sha512-Lklo65usNzoYwjX51CpDKOepWVZBdwO49/Jz3djxiYUr2lRtpDVnlfwCvzN+47j3BMVMWtC2ndIi8Q4s3J0v4g==",
      "optional": true
    },
    "@next/swc-linux-arm64-musl": {
      "version": "13.0.4",
      "resolved": "https://registry.npmjs.org/@next/swc-linux-arm64-musl/-/swc-linux-arm64-musl-13.0.4.tgz",
      "integrity": "sha512-+3BXtXBwjVhd5lahDe5nKZ7EwD6hE/oLFQkITCvgxymU5qYHGlLFyF52/lyw8qhyxoCr7mMVsUFhlCzVwCfNjg==",
      "optional": true
    },
    "@next/swc-linux-x64-gnu": {
      "version": "13.0.4",
      "resolved": "https://registry.npmjs.org/@next/swc-linux-x64-gnu/-/swc-linux-x64-gnu-13.0.4.tgz",
      "integrity": "sha512-QB8qoZrvHhZsz62nUrTKlp5IiZ8I7KZsaa6437H/W/NOZHLGJjCxROnhUjLvKVe/T5P86pjya2SUOUqWAjz4Pg==",
      "optional": true
    },
    "@next/swc-linux-x64-musl": {
      "version": "13.0.4",
      "resolved": "https://registry.npmjs.org/@next/swc-linux-x64-musl/-/swc-linux-x64-musl-13.0.4.tgz",
      "integrity": "sha512-WaahF6DYUQRg1QqIMcuOu2ZsFhS3aC5iWeQyeptMHklP9wb4FfTNmBArKHknX/GXD8P9gI38WTAHJ25cc0zVwg==",
      "optional": true
    },
    "@next/swc-win32-arm64-msvc": {
      "version": "13.0.4",
      "resolved": "https://registry.npmjs.org/@next/swc-win32-arm64-msvc/-/swc-win32-arm64-msvc-13.0.4.tgz",
      "integrity": "sha512-FD+k1j2jeY0aKcqcpzFKfTsv55PPmIZ5GKDyPjjV5AO6XvQ4nALwWl4JwizjH2426TfLXObb+C3MH0bl9Ok1Kw==",
      "optional": true
    },
    "@next/swc-win32-ia32-msvc": {
      "version": "13.0.4",
      "resolved": "https://registry.npmjs.org/@next/swc-win32-ia32-msvc/-/swc-win32-ia32-msvc-13.0.4.tgz",
      "integrity": "sha512-+Q/Q8Ydvz3X3U84CyZdNv1HC7fE43k+xB8C6b3IFmWGa5Tu2tfskQ2FsUNBrYreZjhFC/894J3rVQ6Vj6Auugg==",
      "optional": true
    },
    "@next/swc-win32-x64-msvc": {
      "version": "13.0.4",
      "resolved": "https://registry.npmjs.org/@next/swc-win32-x64-msvc/-/swc-win32-x64-msvc-13.0.4.tgz",
      "integrity": "sha512-vXtbo9N1FdtZZRcv4BliU28tTYrkb1EnVpUiiFFe88I6kS9aZVTMY9Z/OtDR52rl1JF1hgs9sL/59D/TQqSATQ==",
      "optional": true
    },
    "@progress/kendo-drawing": {
      "version": "1.8.1",
      "resolved": "https://registry.npmjs.org/@progress/kendo-drawing/-/kendo-drawing-1.8.1.tgz",
      "integrity": "sha512-4j76ScqpJEq8E+L9lKNPYQAx2RiNRdvXRlWpbqlEF9zho+nyfuHUMVHA9nU+2VLZU2IVKc6LMYHlZIl6Bmd97A==",
      "requires": {
        "@progress/pako-esm": "^1.0.0"
      }
    },
    "@progress/kendo-editor-common": {
      "version": "0.6.0",
      "resolved": "https://registry.npmjs.org/@progress/kendo-editor-common/-/kendo-editor-common-0.6.0.tgz",
      "integrity": "sha512-APgzoxmpN3gHm4y+ybQKeLZpxct3plC5ZCCBwS+PkNonRki2dXDXUwHXsJe3Cd1DMk523zsFRcCQb5eonYlIlQ==",
      "requires": {
        "@types/prosemirror-commands": "1.0.1",
        "@types/prosemirror-history": "1.0.1",
        "@types/prosemirror-inputrules": "1.0.2",
        "@types/prosemirror-keymap": "1.0.2",
        "@types/prosemirror-model": "1.7.2",
        "@types/prosemirror-schema-list": "1.0.1",
        "@types/prosemirror-state": "1.2.4",
        "@types/prosemirror-view": "1.11.4",
        "prosemirror-commands": "1.1.4",
        "prosemirror-dropcursor": "1.3.2",
        "prosemirror-gapcursor": "1.1.5",
        "prosemirror-history": "1.1.3",
        "prosemirror-inputrules": "1.1.2",
        "prosemirror-keymap": "1.1.4",
        "prosemirror-model": "1.10.0",
        "prosemirror-schema-list": "1.1.2",
        "prosemirror-state": "1.3.3",
        "prosemirror-tables": "1.1.0",
        "prosemirror-transform": "1.2.6",
        "prosemirror-view": "1.14.13",
        "tslib": "^1.7.0"
      }
    },
    "@progress/kendo-popup-common": {
      "version": "1.7.0",
      "resolved": "https://registry.npmjs.org/@progress/kendo-popup-common/-/kendo-popup-common-1.7.0.tgz",
      "integrity": "sha512-KxPIXDkirDpJaF/UWFKbe8QpbO5CwdQH/HyNT5Fj1qZb25YaO68VZCisls2qkcEVPHBlXesDcN3QJlt4vJ6tJw=="
    },
    "@progress/kendo-react-buttons": {
      "version": "3.15.0",
      "resolved": "https://registry.npmjs.org/@progress/kendo-react-buttons/-/kendo-react-buttons-3.15.0.tgz",
      "integrity": "sha512-5dzZJHR9LVY2dk6R/g/zapfGtO8uZj+rT1SD79+SubwB6LvZrsiwiDoL3s3eizfQWboNfIFOxh1ex9E9jV4J4A==",
      "requires": {
        "@progress/kendo-react-common": "3.15.0",
        "@progress/kendo-react-popup": "3.15.0",
        "prop-types": "^15.6.0"
      }
    },
    "@progress/kendo-react-common": {
      "version": "3.15.0",
      "resolved": "https://registry.npmjs.org/@progress/kendo-react-common/-/kendo-react-common-3.15.0.tgz",
      "integrity": "sha512-Ytaa42/nvkmcn5f3UUfm18qxFpJG6TT5MGZkPEOaACuzPNX6EfMDNByxhdC1KMuvLCGPuWIj1YAcLTUI/hxq0A==",
      "requires": {
        "@telerik/kendo-draggable": "^2.1.0",
        "prop-types": "^15.6.0"
      }
    },
    "@progress/kendo-react-dialogs": {
      "version": "3.15.0",
      "resolved": "https://registry.npmjs.org/@progress/kendo-react-dialogs/-/kendo-react-dialogs-3.15.0.tgz",
      "integrity": "sha512-GUfuXd9wWTHcuSMGVksyNJgZEnF4Nhw+7hJbPjh+/G5Et+xoh+UFv+J4NXxcRROcDb1VKSrKJTu8ZrYOQRF5WA==",
      "requires": {
        "@progress/kendo-react-common": "3.15.0",
        "prop-types": "^15.6.0"
      }
    },
    "@progress/kendo-react-dropdowns": {
      "version": "3.15.0",
      "resolved": "https://registry.npmjs.org/@progress/kendo-react-dropdowns/-/kendo-react-dropdowns-3.15.0.tgz",
      "integrity": "sha512-mVZ1ohyxQgmaML6GsxMgdoo7x/bws0wCZQEFp6qsLF1H5Qgv0pBPYPA8OnPaScRNfKRZx3kNaXjGLBv1VIMAuQ==",
      "requires": {
        "@progress/kendo-react-common": "3.15.0",
        "@progress/kendo-react-labels": "3.15.0",
        "@progress/kendo-react-popup": "3.15.0",
        "prop-types": "^15.6.0"
      }
    },
    "@progress/kendo-react-editor": {
      "version": "3.15.0",
      "resolved": "https://registry.npmjs.org/@progress/kendo-react-editor/-/kendo-react-editor-3.15.0.tgz",
      "integrity": "sha512-aJS3y9iJTqQ6s8Hs/adK3z4eENAr15rJps8K5cmo+DdWUJA7G+iTdpLX4NwrE0AAyQRT+XdFKUe2kE76brGPNw==",
      "requires": {
        "@progress/kendo-editor-common": "^0.6.0",
        "prop-types": "^15.6.0"
      }
    },
    "@progress/kendo-react-inputs": {
      "version": "3.15.0",
      "resolved": "https://registry.npmjs.org/@progress/kendo-react-inputs/-/kendo-react-inputs-3.15.0.tgz",
      "integrity": "sha512-XcxAmscSnD09yog/1u719uB3suhjEuf66cIFVFGquIXDrFHMmqz7R0bO625HRM+/x84E7kC9uHHmYaZ5grk4GQ==",
      "requires": {
        "@progress/kendo-react-common": "3.15.0",
        "@progress/kendo-react-labels": "3.15.0",
        "@progress/kendo-react-popup": "3.15.0",
        "prop-types": "^15.6.0"
      }
    },
    "@progress/kendo-react-intl": {
      "version": "3.15.0",
      "resolved": "https://registry.npmjs.org/@progress/kendo-react-intl/-/kendo-react-intl-3.15.0.tgz",
      "integrity": "sha512-3c8dLW0ZKdeM2hxEmdVSnsvHNQJs65kPVgKGOEbBQN0QNONDLd91GzCiwtz9V9lBuY10Yh3V7n4MBshwaomsFw==",
      "requires": {
        "@telerik/kendo-intl": "^2.1.0",
        "prop-types": "^15.6.0"
      }
    },
    "@progress/kendo-react-labels": {
      "version": "3.15.0",
      "resolved": "https://registry.npmjs.org/@progress/kendo-react-labels/-/kendo-react-labels-3.15.0.tgz",
      "integrity": "sha512-LCujne/H0nMajShAmGmUne7bVG0RImBQBKORvvYqiTS0lnTLsRbuUr3jeeGGh7B6Q4zNfS3lYfSGTbr8c6CNBA==",
      "requires": {
        "@progress/kendo-react-common": "3.15.0",
        "prop-types": "^15.6.0"
      }
    },
    "@progress/kendo-react-popup": {
      "version": "3.15.0",
      "resolved": "https://registry.npmjs.org/@progress/kendo-react-popup/-/kendo-react-popup-3.15.0.tgz",
      "integrity": "sha512-4ExRIGzBQfW1mdgLqXOXgNJo4X3amdXA+yhH0gbLDeMF/gb3nukiZxlie1DbFr7hzleDlHHRYTsw8oUfc4JxeQ==",
      "requires": {
        "@progress/kendo-popup-common": "^1.2.2",
        "@progress/kendo-react-common": "3.15.0",
        "prop-types": "^15.6.0"
      }
    },
    "@progress/kendo-theme-default": {
      "version": "4.19.0",
      "resolved": "https://registry.npmjs.org/@progress/kendo-theme-default/-/kendo-theme-default-4.19.0.tgz",
      "integrity": "sha512-w3S9teA+aRmX5h2OMmi4XR3wNrZR7ndBKUi5N4q4dqhK78FkRSL5WO/HeTCyIHxPgQNLA+/LAty0yOnPzlmnkQ=="
    },
    "@progress/pako-esm": {
      "version": "1.0.0",
      "resolved": "https://registry.npmjs.org/@progress/pako-esm/-/pako-esm-1.0.0.tgz",
      "integrity": "sha512-mwex7BsLRj2eUL3O7Ak1sIhyqAdp3jobD9HJbCdauyjxUEPFryAuCXxR4n8srWF8BkV3V9fs/qiu5WbcJ3wnPg=="
    },
    "@swc/helpers": {
      "version": "0.4.11",
      "resolved": "https://registry.npmjs.org/@swc/helpers/-/helpers-0.4.11.tgz",
      "integrity": "sha512-rEUrBSGIoSFuYxwBYtlUFMlE2CwGhmW+w9355/5oduSw8e5h2+Tj4UrAGNNgP9915++wj5vkQo0UuOBqOAq4nw==",
      "requires": {
        "tslib": "^2.4.0"
      },
      "dependencies": {
        "tslib": {
          "version": "2.4.1",
          "resolved": "https://registry.npmjs.org/tslib/-/tslib-2.4.1.tgz",
          "integrity": "sha512-tGyy4dAjRIEwI7BzsB0lynWgOpfqjUdq91XXAlIWD2OwKBH7oCl/GZG/HT4BOHrTlPMOASlMQ7veyTqpmRcrNA=="
        }
      }
    },
    "@telerik/kendo-draggable": {
      "version": "2.2.0",
      "resolved": "https://registry.npmjs.org/@telerik/kendo-draggable/-/kendo-draggable-2.2.0.tgz",
      "integrity": "sha512-78ofOzRpisqPjG51LfLQ4FEWoGJXs4PkzyJSdVklyFw6gtAnj/T6dp7mHIMj8BivVkN9FjNgf4Eo/mdYs9fusQ=="
    },
    "@telerik/kendo-intl": {
      "version": "2.2.0",
      "resolved": "https://registry.npmjs.org/@telerik/kendo-intl/-/kendo-intl-2.2.0.tgz",
      "integrity": "sha512-NYBXSzknwOZjdEWB62a5xXBuzNzHatNTT+0n7NvIotEyHl6wpcfVnqOkQ2DnrwN9VI0YzhPT9hbAhc+njUxQpw=="
    },
    "@types/domhandler": {
      "version": "2.4.1",
      "resolved": "https://registry.npmjs.org/@types/domhandler/-/domhandler-2.4.1.tgz",
      "integrity": "sha512-cfBw6q6tT5sa1gSPFSRKzF/xxYrrmeiut7E0TxNBObiLSBTuFEHibcfEe3waQPEDbqBsq+ql/TOniw65EyDFMA=="
    },
    "@types/domutils": {
      "version": "1.7.2",
      "resolved": "https://registry.npmjs.org/@types/domutils/-/domutils-1.7.2.tgz",
      "integrity": "sha512-Nnwy1Ztwq42SSNSZSh9EXBJGrOZPR+PQ2sRT4VZy8hnsFXfCil7YlKO2hd2360HyrtFz2qwnKQ13ENrgXNxJbw==",
      "requires": {
        "@types/domhandler": "*"
      }
    },
    "@types/htmlparser2": {
      "version": "3.10.1",
      "resolved": "https://registry.npmjs.org/@types/htmlparser2/-/htmlparser2-3.10.1.tgz",
      "integrity": "sha512-fCxmHS4ryCUCfV9+CJZY1UjkbR+6Al/EQdX5Jh03qBj9gdlPG5q+7uNoDgE/ZNXb3XNWSAQgqKIWnbRCbOyyWA==",
      "requires": {
        "@types/domhandler": "*",
        "@types/domutils": "*",
        "@types/node": "*"
      }
    },
    "@types/node": {
      "version": "14.0.23",
      "resolved": "https://registry.npmjs.org/@types/node/-/node-14.0.23.tgz",
      "integrity": "sha512-Z4U8yDAl5TFkmYsZdFPdjeMa57NOvnaf1tljHzhouaPEp7LCj2JKkejpI1ODviIAQuW4CcQmxkQ77rnLsOOoKw=="
    },
    "@types/orderedmap": {
      "version": "1.0.0",
      "resolved": "https://registry.npmjs.org/@types/orderedmap/-/orderedmap-1.0.0.tgz",
      "integrity": "sha512-dxKo80TqYx3YtBipHwA/SdFmMMyLCnP+5mkEqN0eMjcTBzHkiiX0ES118DsjDBjvD+zeSsSU9jULTZ+frog+Gw=="
    },
    "@types/prosemirror-commands": {
      "version": "1.0.1",
      "resolved": "https://registry.npmjs.org/@types/prosemirror-commands/-/prosemirror-commands-1.0.1.tgz",
      "integrity": "sha512-GeE12m8VT9N1JrzoY//946IX8ZyQOLNmvryJ+BNQs/HvhmXW9EWOcWUE6OBRtxK7Y8SrzSOwx4XmqSgVmK3tGQ==",
      "requires": {
        "@types/prosemirror-model": "*",
        "@types/prosemirror-state": "*",
        "@types/prosemirror-view": "*"
      }
    },
    "@types/prosemirror-history": {
      "version": "1.0.1",
      "resolved": "https://registry.npmjs.org/@types/prosemirror-history/-/prosemirror-history-1.0.1.tgz",
      "integrity": "sha512-BYyPJlWDo3VEnWS5X2DCHXrrAKEjdbCe1DUjGL6R/8hmwMFe3iMJGYdBkOXU1FfkTpw7Z+PlwY/pMyeelVydmg==",
      "requires": {
        "@types/prosemirror-model": "*",
        "@types/prosemirror-state": "*"
      }
    },
    "@types/prosemirror-inputrules": {
      "version": "1.0.2",
      "resolved": "https://registry.npmjs.org/@types/prosemirror-inputrules/-/prosemirror-inputrules-1.0.2.tgz",
      "integrity": "sha512-bKFneQUPnkZmzCJ1uoitpKH6PFW0hc4q55NsC7mFUCvX0eZl0GRKxyfV47jkJbsbyUQoO/QFv0WwLDz2bo15sA==",
      "requires": {
        "@types/prosemirror-model": "*",
        "@types/prosemirror-state": "*"
      }
    },
    "@types/prosemirror-keymap": {
      "version": "1.0.2",
      "resolved": "https://registry.npmjs.org/@types/prosemirror-keymap/-/prosemirror-keymap-1.0.2.tgz",
      "integrity": "sha512-94aDnpdrdI5S2UM7MQIjauFeo0MI5S7uU+SMT01m5NXT5CZ/NLHhzN0d1V5zKxe7Nh7fVxuZ7l9DTu5nSMN9sw==",
      "requires": {
        "@types/prosemirror-model": "*",
        "@types/prosemirror-state": "*",
        "@types/prosemirror-view": "*"
      }
    },
    "@types/prosemirror-model": {
      "version": "1.7.2",
      "resolved": "https://registry.npmjs.org/@types/prosemirror-model/-/prosemirror-model-1.7.2.tgz",
      "integrity": "sha512-2l+yXvidg3AUHN07mO4Jd8Q84fo6ksFsy7LHUurLYrZ74uTahBp2fzcO49AKZMzww2EulXJ40Kl/OFaQ/7A1fw==",
      "requires": {
        "@types/orderedmap": "*"
      }
    },
    "@types/prosemirror-schema-list": {
      "version": "1.0.1",
      "resolved": "https://registry.npmjs.org/@types/prosemirror-schema-list/-/prosemirror-schema-list-1.0.1.tgz",
      "integrity": "sha512-+iUYq+pj2wVHSThj0MjNDzkkGwq8aDQ6j0UJK8a0cNCL8v44Ftcx1noGPtBIEUJgitH960VnfBNoTWfQoQZfRA==",
      "requires": {
        "@types/orderedmap": "*",
        "@types/prosemirror-model": "*",
        "@types/prosemirror-state": "*"
      }
    },
    "@types/prosemirror-state": {
      "version": "1.2.4",
      "resolved": "https://registry.npmjs.org/@types/prosemirror-state/-/prosemirror-state-1.2.4.tgz",
      "integrity": "sha512-Gch4THfZ9QNsRQ7myibU8cG99F3b8/3Gto083ZuutNG72E0VmS8yfQzA5ahbndr5GUIbmKyOD5LqKTBvx/M0qw==",
      "requires": {
        "@types/prosemirror-model": "*",
        "@types/prosemirror-transform": "*",
        "@types/prosemirror-view": "*"
      }
    },
    "@types/prosemirror-transform": {
      "version": "1.1.1",
      "resolved": "https://registry.npmjs.org/@types/prosemirror-transform/-/prosemirror-transform-1.1.1.tgz",
      "integrity": "sha512-yYCYSoiRH+Wcbl8GJc0PFCzeyMzNQ1vL2xrHHSXZuNcIlH75VoiKrZFeZ6BS9cl8mYXjZrlmdBe8YOxYvyKM6A==",
      "requires": {
        "@types/prosemirror-model": "*"
      }
    },
    "@types/prosemirror-view": {
      "version": "1.11.4",
      "resolved": "https://registry.npmjs.org/@types/prosemirror-view/-/prosemirror-view-1.11.4.tgz",
      "integrity": "sha512-Hh8v2tpCEMaIesQuw7Y7Pz6imoC1T/bR5OlNGVtp944PZvctXiBvFRkQIb0YvZpt7vVkFzeq2kmR+7mnUfvWiw==",
      "requires": {
        "@types/prosemirror-model": "*",
        "@types/prosemirror-state": "*",
        "@types/prosemirror-transform": "*"
      }
    },
    "axios": {
      "version": "0.21.1",
      "resolved": "https://registry.npmjs.org/axios/-/axios-0.21.1.tgz",
      "integrity": "sha512-dKQiRHxGD9PPRIUNIWvZhPTPpl1rf/OxTYKsqKUDjBwYylTvV7SjSHJb9ratfyzM6wCdLCOYLzs73qpg5c4iGA==",
      "requires": {
        "follow-redirects": "^1.10.0"
      }
    },
    "caniuse-lite": {
      "version": "1.0.30001431",
      "resolved": "https://registry.npmjs.org/caniuse-lite/-/caniuse-lite-1.0.30001431.tgz",
      "integrity": "sha512-zBUoFU0ZcxpvSt9IU66dXVT/3ctO1cy4y9cscs1szkPlcWb6pasYM144GqrUygUbT+k7cmUCW61cvskjcv0enQ=="
    },
    "client-only": {
      "version": "0.0.1",
      "resolved": "https://registry.npmjs.org/client-only/-/client-only-0.0.1.tgz",
      "integrity": "sha512-IV3Ou0jSMzZrd3pZ48nLkT9DA7Ag1pnPzaiQhpW7c3RbcqqzvzzVu+L8gfqMp/8IM2MQtSiqaCxrrcfu8I8rMA=="
    },
    "dom-serializer": {
      "version": "0.2.2",
      "resolved": "https://registry.npmjs.org/dom-serializer/-/dom-serializer-0.2.2.tgz",
      "integrity": "sha512-2/xPb3ORsQ42nHYiSunXkDjPLBaEj/xTwUO4B7XCZQTRk7EBtTOPaygh10YAAh2OI1Qrp6NWfpAhzswj0ydt9g==",
      "requires": {
        "domelementtype": "^2.0.1",
        "entities": "^2.0.0"
      },
      "dependencies": {
        "domelementtype": {
          "version": "2.0.1",
          "resolved": "https://registry.npmjs.org/domelementtype/-/domelementtype-2.0.1.tgz",
          "integrity": "sha512-5HOHUDsYZWV8FGWN0Njbr/Rn7f/eWSQi1v7+HsUVwXgn8nWWlL64zKDkS0n8ZmQ3mlWOMuXOnR+7Nx/5tMO5AQ=="
        }
      }
    },
    "domelementtype": {
      "version": "1.3.1",
      "resolved": "https://registry.npmjs.org/domelementtype/-/domelementtype-1.3.1.tgz",
      "integrity": "sha512-BSKB+TSpMpFI/HOxCNr1O8aMOTZ8hT3pM3GQ0w/mWRmkhEDSFJkkyzz4XQsBV44BChwGkrDfMyjVD0eA2aFV3w=="
    },
    "entities": {
      "version": "2.0.3",
      "resolved": "https://registry.npmjs.org/entities/-/entities-2.0.3.tgz",
      "integrity": "sha512-MyoZ0jgnLvB2X3Lg5HqpFmn1kybDiIfEQmKzTb5apr51Rb+T3KdmMiqa70T+bhGnyv7bQ6WMj2QMHpGMmlrUYQ=="
    },
    "follow-redirects": {
      "version": "1.13.3",
      "resolved": "https://registry.npmjs.org/follow-redirects/-/follow-redirects-1.13.3.tgz",
      "integrity": "sha512-DUgl6+HDzB0iEptNQEXLx/KhTmDb8tZUHSeLqpnjpknR70H0nC2t9N73BK6fN4hOvJ84pKlIQVQ4k5FFlBedKA=="
    },
    "he": {
      "version": "1.1.1",
      "resolved": "https://registry.npmjs.org/he/-/he-1.1.1.tgz",
      "integrity": "sha1-k0EP0hsAlzUVH4howvJx80J+I/0="
    },
    "html-dom-parser": {
      "version": "0.3.0",
      "resolved": "https://registry.npmjs.org/html-dom-parser/-/html-dom-parser-0.3.0.tgz",
      "integrity": "sha512-WDEYpO5gHGKuJbf0rwndGq7yUHJ4xboNj9l9mRGw5RsKFc3jfRozCsGAMu69zXxt4Ol8UkbqubKxu8ys0BLKtA==",
      "requires": {
        "@types/domhandler": "2.4.1",
        "domhandler": "2.4.2",
        "htmlparser2": "3.10.1"
      },
      "dependencies": {
        "domhandler": {
          "version": "2.4.2",
          "resolved": "https://registry.npmjs.org/domhandler/-/domhandler-2.4.2.tgz",
          "integrity": "sha512-JiK04h0Ht5u/80fdLMCEmV4zkNh2BcoMFBmZ/91WtYZ8qVXSKjiw7fXMgFPnHcSZgOo3XdinHvmnDUeMf5R4wA==",
          "requires": {
            "domelementtype": "1"
          }
        },
        "domutils": {
          "version": "1.7.0",
          "resolved": "https://registry.npmjs.org/domutils/-/domutils-1.7.0.tgz",
          "integrity": "sha512-Lgd2XcJ/NjEw+7tFvfKxOzCYKZsdct5lczQ2ZaQY8Djz7pfAD3Gbp8ySJWtreII/vDlMVmxwa6pHmdxIYgttDg==",
          "requires": {
            "dom-serializer": "0",
            "domelementtype": "1"
          }
        },
        "entities": {
          "version": "1.1.2",
          "resolved": "https://registry.npmjs.org/entities/-/entities-1.1.2.tgz",
          "integrity": "sha512-f2LZMYl1Fzu7YSBKg+RoROelpOaNrcGmE9AZubeDfrCEia483oW4MI4VyFd5VNHIgQ/7qm1I0wUHK1eJnn2y2w=="
        },
        "htmlparser2": {
          "version": "3.10.1",
          "resolved": "https://registry.npmjs.org/htmlparser2/-/htmlparser2-3.10.1.tgz",
          "integrity": "sha512-IgieNijUMbkDovyoKObU1DUhm1iwNYE/fuifEoEHfd1oZKZDaONBSkal7Y01shxsM49R4XaMdGez3WnF9UfiCQ==",
          "requires": {
            "domelementtype": "^1.3.1",
            "domhandler": "^2.3.0",
            "domutils": "^1.5.1",
            "entities": "^1.1.1",
            "inherits": "^2.0.1",
            "readable-stream": "^3.1.1"
          }
        },
        "readable-stream": {
          "version": "3.6.0",
          "resolved": "https://registry.npmjs.org/readable-stream/-/readable-stream-3.6.0.tgz",
          "integrity": "sha512-BViHy7LKeTz4oNnkcLJ+lVSL6vpiFeX6/d3oSH8zCW7UxP2onchk+vTGB143xuFjHS3deTgkKoXXymXqymiIdA==",
          "requires": {
            "inherits": "^2.0.3",
            "string_decoder": "^1.1.1",
            "util-deprecate": "^1.0.1"
          }
        }
      }
    },
    "html-react-parser": {
      "version": "0.13.0",
      "resolved": "https://registry.npmjs.org/html-react-parser/-/html-react-parser-0.13.0.tgz",
      "integrity": "sha512-hU94hE2p9xhMM61EOoiY3Kr+DfzH/uY7hGeVXQpGFRjgbYRUeyuSKORDNMIaY8IAcuHQ6Ov9pJ3x94Wvso/OmQ==",
      "requires": {
        "@types/htmlparser2": "3.10.1",
        "html-dom-parser": "0.3.0",
        "react-property": "1.0.1",
        "style-to-object": "0.3.0"
      }
    },
    "inherits": {
      "version": "2.0.4",
      "resolved": "https://registry.npmjs.org/inherits/-/inherits-2.0.4.tgz",
      "integrity": "sha512-k/vGaX4/Yla3WzyMCvTQOXYeIHvqOKtnqBduzTHpzpQZzAskKMhZ2K+EnBiSM9zGSoIFeMpXKxa4dYeZIQqewQ=="
    },
    "inline-style-parser": {
      "version": "0.1.1",
      "resolved": "https://registry.npmjs.org/inline-style-parser/-/inline-style-parser-0.1.1.tgz",
      "integrity": "sha512-7NXolsK4CAS5+xvdj5OMMbI962hU/wvwoxk+LWR9Ek9bVtyuuYScDN6eS0rUm6TxApFpw7CX1o4uJzcd4AyD3Q=="
    },
    "js-tokens": {
      "version": "4.0.0",
      "resolved": "https://registry.npmjs.org/js-tokens/-/js-tokens-4.0.0.tgz",
      "integrity": "sha512-RdJUflcE3cUzKiMqQgsCu06FPu9UdIJO0beYbPhHN4k6apgJtifcoCtT9bcxOpYBtpD2kCM6Sbzg4CausW/PKQ=="
    },
    "loose-envify": {
      "version": "1.4.0",
      "resolved": "https://registry.npmjs.org/loose-envify/-/loose-envify-1.4.0.tgz",
      "integrity": "sha512-lyuxPGr/Wfhrlem2CL/UcnUc1zcqKAImBDzukY7Y5F/yQiNdko6+fRLevlw1HgMySw7f611UIY408EtxRSoK3Q==",
      "requires": {
        "js-tokens": "^3.0.0 || ^4.0.0"
      }
    },
    "nanoid": {
      "version": "3.3.4",
      "resolved": "https://registry.npmjs.org/nanoid/-/nanoid-3.3.4.tgz",
      "integrity": "sha512-MqBkQh/OHTS2egovRtLk45wEyNXwF+cokD+1YPf9u5VfJiRdAiRwB2froX5Co9Rh20xs4siNPm8naNotSD6RBw=="
    },
    "next": {
      "version": "13.0.4",
      "resolved": "https://registry.npmjs.org/next/-/next-13.0.4.tgz",
      "integrity": "sha512-4P0MvbjPCI1E/UPL1GrTXtYlgFnbBbY3JQ+AMY8jYE2SwyvCWctEJySoRjveznAHjrl6TIjuAJeB8u1c2StYUQ==",
      "requires": {
        "@next/env": "13.0.4",
        "@next/swc-android-arm-eabi": "13.0.4",
        "@next/swc-android-arm64": "13.0.4",
        "@next/swc-darwin-arm64": "13.0.4",
        "@next/swc-darwin-x64": "13.0.4",
        "@next/swc-freebsd-x64": "13.0.4",
        "@next/swc-linux-arm-gnueabihf": "13.0.4",
        "@next/swc-linux-arm64-gnu": "13.0.4",
        "@next/swc-linux-arm64-musl": "13.0.4",
        "@next/swc-linux-x64-gnu": "13.0.4",
        "@next/swc-linux-x64-musl": "13.0.4",
        "@next/swc-win32-arm64-msvc": "13.0.4",
        "@next/swc-win32-ia32-msvc": "13.0.4",
        "@next/swc-win32-x64-msvc": "13.0.4",
        "@swc/helpers": "0.4.11",
        "caniuse-lite": "^1.0.30001406",
        "postcss": "8.4.14",
        "styled-jsx": "5.1.0",
        "use-sync-external-store": "1.2.0"
      }
    },
    "node-html-parser": {
      "version": "1.2.20",
      "resolved": "https://registry.npmjs.org/node-html-parser/-/node-html-parser-1.2.20.tgz",
      "integrity": "sha512-1fUpYjAducDrrBSE0etRUV1tM+wSFTudmrslMXuk35wL/L29E7e1CLQn4CNzFLnqtYpmDlWhkD6VUloyHA0dwA==",
      "requires": {
        "he": "1.1.1"
      }
    },
    "object-assign": {
      "version": "4.1.1",
      "resolved": "https://registry.npmjs.org/object-assign/-/object-assign-4.1.1.tgz",
      "integrity": "sha1-IQmtx5ZYh8/AXLvUQsrIv7s2CGM="
    },
    "orderedmap": {
      "version": "1.1.1",
      "resolved": "https://registry.npmjs.org/orderedmap/-/orderedmap-1.1.1.tgz",
      "integrity": "sha512-3Ux8um0zXbVacKUkcytc0u3HgC0b0bBLT+I60r2J/En72cI0nZffqrA7Xtf2Hqs27j1g82llR5Mhbd0Z1XW4AQ=="
    },
    "picocolors": {
      "version": "1.0.0",
      "resolved": "https://registry.npmjs.org/picocolors/-/picocolors-1.0.0.tgz",
      "integrity": "sha512-1fygroTLlHu66zi26VoTDv8yRgm0Fccecssto+MhsZ0D/DGW2sm8E8AjW7NU5VVTRt5GxbeZ5qBuJr+HyLYkjQ=="
    },
    "postcss": {
      "version": "8.4.14",
      "resolved": "https://registry.npmjs.org/postcss/-/postcss-8.4.14.tgz",
      "integrity": "sha512-E398TUmfAYFPBSdzgeieK2Y1+1cpdxJx8yXbK/m57nRhKSmk1GB2tO4lbLBtlkfPQTDKfe4Xqv1ASWPpayPEig==",
      "requires": {
        "nanoid": "^3.3.4",
        "picocolors": "^1.0.0",
        "source-map-js": "^1.0.2"
      }
    },
    "prop-types": {
      "version": "15.7.2",
      "resolved": "https://registry.npmjs.org/prop-types/-/prop-types-15.7.2.tgz",
      "integrity": "sha512-8QQikdH7//R2vurIJSutZ1smHYTcLpRWEOlHnzcWHmBYrOGUysKwSsrC89BCiFj3CbrfJ/nXFdJepOVrY1GCHQ==",
      "requires": {
        "loose-envify": "^1.4.0",
        "object-assign": "^4.1.1",
        "react-is": "^16.8.1"
      }
    },
    "prosemirror-commands": {
      "version": "1.1.4",
      "resolved": "https://registry.npmjs.org/prosemirror-commands/-/prosemirror-commands-1.1.4.tgz",
      "integrity": "sha512-kj4Qi+8h3EpJtZuuEDwZ9h2/QNGWDsIX/CzjmClxi9GhxWyBUMVUvIFk0mgdqHyX20lLeGmOpc0TLA5aPzgpWg==",
      "requires": {
        "prosemirror-model": "^1.0.0",
        "prosemirror-state": "^1.0.0",
        "prosemirror-transform": "^1.0.0"
      }
    },
    "prosemirror-dropcursor": {
      "version": "1.3.2",
      "resolved": "https://registry.npmjs.org/prosemirror-dropcursor/-/prosemirror-dropcursor-1.3.2.tgz",
      "integrity": "sha512-4c94OUGyobGnwcQI70OXyMhE/9T4aTgjU+CHxkd5c7D+jH/J0mKM/lk+jneFVKt7+E4/M0D9HzRPifu8U28Thw==",
      "requires": {
        "prosemirror-state": "^1.0.0",
        "prosemirror-transform": "^1.1.0",
        "prosemirror-view": "^1.1.0"
      }
    },
    "prosemirror-gapcursor": {
      "version": "1.1.5",
      "resolved": "https://registry.npmjs.org/prosemirror-gapcursor/-/prosemirror-gapcursor-1.1.5.tgz",
      "integrity": "sha512-SjbUZq5pgsBDuV3hu8GqgIpZR5eZvGLM+gPQTqjVVYSMUCfKW3EGXTEYaLHEl1bGduwqNC95O3bZflgtAb4L6w==",
      "requires": {
        "prosemirror-keymap": "^1.0.0",
        "prosemirror-model": "^1.0.0",
        "prosemirror-state": "^1.0.0",
        "prosemirror-view": "^1.0.0"
      }
    },
    "prosemirror-history": {
      "version": "1.1.3",
      "resolved": "https://registry.npmjs.org/prosemirror-history/-/prosemirror-history-1.1.3.tgz",
      "integrity": "sha512-zGDotijea+vnfnyyUGyiy1wfOQhf0B/b6zYcCouBV8yo6JmrE9X23M5q7Nf/nATywEZbgRLG70R4DmfSTC+gfg==",
      "requires": {
        "prosemirror-state": "^1.2.2",
        "prosemirror-transform": "^1.0.0",
        "rope-sequence": "^1.3.0"
      }
    },
    "prosemirror-inputrules": {
      "version": "1.1.2",
      "resolved": "https://registry.npmjs.org/prosemirror-inputrules/-/prosemirror-inputrules-1.1.2.tgz",
      "integrity": "sha512-Ja5Z3BWestlHYGvtSGqyvxMeB8QEuBjlHM8YnKtLGUXMDp965qdDV4goV8lJb17kIWHk7e7JNj6Catuoa3302g==",
      "requires": {
        "prosemirror-state": "^1.0.0",
        "prosemirror-transform": "^1.0.0"
      }
    },
    "prosemirror-keymap": {
      "version": "1.1.4",
      "resolved": "https://registry.npmjs.org/prosemirror-keymap/-/prosemirror-keymap-1.1.4.tgz",
      "integrity": "sha512-Al8cVUOnDFL4gcI5IDlG6xbZ0aOD/i3B17VT+1JbHWDguCgt/lBHVTHUBcKvvbSg6+q/W4Nj1Fu6bwZSca3xjg==",
      "requires": {
        "prosemirror-state": "^1.0.0",
        "w3c-keyname": "^2.2.0"
      }
    },
    "prosemirror-model": {
      "version": "1.10.0",
      "resolved": "https://registry.npmjs.org/prosemirror-model/-/prosemirror-model-1.10.0.tgz",
      "integrity": "sha512-xTMbbO2q4abs5lJdeRvk/SrftNfZlMdvChKziTiK+OKtP8LkQI8uw39u4S5zqyflrmW3Or6+qnyFPf1p4v2u1g==",
      "requires": {
        "orderedmap": "^1.1.0"
      }
    },
    "prosemirror-schema-list": {
      "version": "1.1.2",
      "resolved": "https://registry.npmjs.org/prosemirror-schema-list/-/prosemirror-schema-list-1.1.2.tgz",
      "integrity": "sha512-dgM9PwtM4twa5WsgSYMB+J8bwjnR43DAD3L9MsR9rKm/nZR5Y85xcjB7gusVMSsbQ2NomMZF03RE6No6mTnclQ==",
      "requires": {
        "prosemirror-model": "^1.0.0",
        "prosemirror-transform": "^1.0.0"
      }
    },
    "prosemirror-state": {
      "version": "1.3.3",
      "resolved": "https://registry.npmjs.org/prosemirror-state/-/prosemirror-state-1.3.3.tgz",
      "integrity": "sha512-PLXh2VJsIgvlgSTH6I2Yg6vk1CzPDp21DFreVpQtDMY2S6WaMmrQgDTLRcsrD8X38v8Yc873H7+ogdGzyIPn+w==",
      "requires": {
        "prosemirror-model": "^1.0.0",
        "prosemirror-transform": "^1.0.0"
      }
    },
    "prosemirror-tables": {
      "version": "1.1.0",
      "resolved": "https://registry.npmjs.org/prosemirror-tables/-/prosemirror-tables-1.1.0.tgz",
      "integrity": "sha512-E00+KSbDw65966GdiLBpqTNxIextw0RavlGmvdv/dyYbN9OTD0gzaoCU1S8MAbz4GLKmY9Y/g4nSiC1IL1ThQg==",
      "requires": {
        "prosemirror-keymap": "^1.1.2",
        "prosemirror-model": "^1.8.1",
        "prosemirror-state": "^1.3.1",
        "prosemirror-transform": "^1.2.1",
        "prosemirror-view": "^1.13.3"
      }
    },
    "prosemirror-transform": {
      "version": "1.2.6",
      "resolved": "https://registry.npmjs.org/prosemirror-transform/-/prosemirror-transform-1.2.6.tgz",
      "integrity": "sha512-DyV6cRip8//GIHTrqBe2B7I8VjPFQZYuBuB4clpguq1SrS9lLponoBt/0XRWxETkCVsxYSvwE76X0zo6AZhwaw==",
      "requires": {
        "prosemirror-model": "^1.0.0"
      }
    },
    "prosemirror-view": {
      "version": "1.14.13",
      "resolved": "https://registry.npmjs.org/prosemirror-view/-/prosemirror-view-1.14.13.tgz",
      "integrity": "sha512-UmAAi72eHApZ6KMklUTORc9FkmGXyeI+rWtqxqZ+6V4vs6K6spbOVozQChKmtVL2EjQlOILvJIJdWKWu0Hkvpw==",
      "requires": {
        "prosemirror-model": "^1.1.0",
        "prosemirror-state": "^1.0.0",
        "prosemirror-transform": "^1.1.0"
      }
    },
    "react": {
      "version": "16.13.1",
      "resolved": "https://registry.npmjs.org/react/-/react-16.13.1.tgz",
      "integrity": "sha512-YMZQQq32xHLX0bz5Mnibv1/LHb3Sqzngu7xstSM+vrkE5Kzr9xE0yMByK5kMoTK30YVJE61WfbxIFFvfeDKT1w==",
      "requires": {
        "loose-envify": "^1.1.0",
        "object-assign": "^4.1.1",
        "prop-types": "^15.6.2"
      }
    },
    "react-dom": {
      "version": "16.13.1",
      "resolved": "https://registry.npmjs.org/react-dom/-/react-dom-16.13.1.tgz",
      "integrity": "sha512-81PIMmVLnCNLO/fFOQxdQkvEq/+Hfpv24XNJfpyZhTRfO0QcmQIF/PgCa1zCOj2w1hrn12MFLyaJ/G0+Mxtfag==",
      "requires": {
        "loose-envify": "^1.1.0",
        "object-assign": "^4.1.1",
        "prop-types": "^15.6.2",
        "scheduler": "^0.19.1"
      }
    },
    "react-element-to-jsx-string": {
      "version": "14.3.1",
      "resolved": "https://registry.npmjs.org/react-element-to-jsx-string/-/react-element-to-jsx-string-14.3.1.tgz",
      "integrity": "sha512-LRdQWRB+xcVPOL4PU4RYuTg6dUJ/FNmaQ8ls6w38YbzkbV6Yr5tFNESroub9GiSghtnMq8dQg2LcNN5aMIDzVg==",
      "requires": {
        "@base2/pretty-print-object": "1.0.0",
        "is-plain-object": "3.0.0"
      },
      "dependencies": {
        "is-plain-object": {
          "version": "3.0.0",
          "resolved": "https://registry.npmjs.org/is-plain-object/-/is-plain-object-3.0.0.tgz",
          "integrity": "sha512-tZIpofR+P05k8Aocp7UI/2UTa9lTJSebCXpFFoR9aibpokDj/uXBsJ8luUu0tTVYKkMU6URDUuOfJZ7koewXvg==",
          "requires": {
            "isobject": "^4.0.0"
          }
        },
        "isobject": {
          "version": "4.0.0",
          "resolved": "https://registry.npmjs.org/isobject/-/isobject-4.0.0.tgz",
          "integrity": "sha512-S/2fF5wH8SJA/kmwr6HYhK/RI/OkhD84k8ntalo0iJjZikgq1XFvR5M8NPT1x5F7fBwCG3qHfnzeP/Vh/ZxCUA=="
        }
      }
    },
    "react-is": {
      "version": "16.13.1",
      "resolved": "https://registry.npmjs.org/react-is/-/react-is-16.13.1.tgz",
      "integrity": "sha512-24e6ynE2H+OKt4kqsOvNd8kBpV65zoxbA4BVsEOB3ARVWQki/DHzaUoC5KuON/BiccDaCCTZBuOcfZs70kR8bQ=="
    },
    "react-property": {
      "version": "1.0.1",
      "resolved": "https://registry.npmjs.org/react-property/-/react-property-1.0.1.tgz",
      "integrity": "sha512-1tKOwxFn3dXVomH6pM9IkLkq2Y8oh+fh/lYW3MJ/B03URswUTqttgckOlbxY2XHF3vPG6uanSc4dVsLW/wk3wQ=="
    },
    "rope-sequence": {
      "version": "1.3.2",
      "resolved": "https://registry.npmjs.org/rope-sequence/-/rope-sequence-1.3.2.tgz",
      "integrity": "sha512-ku6MFrwEVSVmXLvy3dYph3LAMNS0890K7fabn+0YIRQ2T96T9F4gkFf0vf0WW0JUraNWwGRtInEpH7yO4tbQZg=="
    },
    "safe-buffer": {
      "version": "5.1.2",
      "resolved": "https://registry.npmjs.org/safe-buffer/-/safe-buffer-5.1.2.tgz",
      "integrity": "sha512-Gd2UZBJDkXlY7GbJxfsE8/nvKkUEU1G38c1siN6QP6a9PT9MmHB8GnpscSmMJSoF8LOIrt8ud/wPtojys4G6+g=="
    },
    "scheduler": {
      "version": "0.19.1",
      "resolved": "https://registry.npmjs.org/scheduler/-/scheduler-0.19.1.tgz",
      "integrity": "sha512-n/zwRWRYSUj0/3g/otKDRPMh6qv2SYMWNq85IEa8iZyAv8od9zDYpGSnpBEjNgcMNq6Scbu5KfIPxNF72R/2EA==",
      "requires": {
        "loose-envify": "^1.1.0",
        "object-assign": "^4.1.1"
      }
    },
    "source-map-js": {
      "version": "1.0.2",
      "resolved": "https://registry.npmjs.org/source-map-js/-/source-map-js-1.0.2.tgz",
      "integrity": "sha512-R0XvVJ9WusLiqTCEiGCmICCMplcCkIwwR11mOSD9CR5u+IXYdiseeEuXCVAjS54zqwkLcPNnmU4OeJ6tUrWhDw=="
    },
    "string_decoder": {
      "version": "1.1.1",
      "resolved": "https://registry.npmjs.org/string_decoder/-/string_decoder-1.1.1.tgz",
      "integrity": "sha512-n/ShnvDi6FHbbVfviro+WojiFzv+s8MPMHBczVePfUpDJLwoLT0ht1l4YwBCbi8pJAveEEdnkHyPyTP/mzRfwg==",
      "requires": {
        "safe-buffer": "~5.1.0"
      }
    },
    "style-to-object": {
      "version": "0.3.0",
      "resolved": "https://registry.npmjs.org/style-to-object/-/style-to-object-0.3.0.tgz",
      "integrity": "sha512-CzFnRRXhzWIdItT3OmF8SQfWyahHhjq3HwcMNCNLn+N7klOOqPjMeG/4JSu77D7ypZdGvSzvkrbyeTMizz2VrA==",
      "requires": {
        "inline-style-parser": "0.1.1"
      }
    },
    "styled-jsx": {
      "version": "5.1.0",
      "resolved": "https://registry.npmjs.org/styled-jsx/-/styled-jsx-5.1.0.tgz",
      "integrity": "sha512-/iHaRJt9U7T+5tp6TRelLnqBqiaIT0HsO0+vgyj8hK2KUk7aejFqRrumqPUlAqDwAj8IbS/1hk3IhBAAK/FCUQ==",
      "requires": {
        "client-only": "0.0.1"
      }
    },
    "tslib": {
      "version": "1.13.0",
      "resolved": "https://registry.npmjs.org/tslib/-/tslib-1.13.0.tgz",
      "integrity": "sha512-i/6DQjL8Xf3be4K/E6Wgpekn5Qasl1usyw++dAA35Ue5orEn65VIxOA+YvNNl9HV3qv70T7CNwjODHZrLwvd1Q=="
    },
    "use-sync-external-store": {
      "version": "1.2.0",
      "resolved": "https://registry.npmjs.org/use-sync-external-store/-/use-sync-external-store-1.2.0.tgz",
      "integrity": "sha512-eEgnFxGQ1Ife9bzYs6VLi8/4X6CObHMw9Qr9tPY43iKwsPw8xE8+EFsf/2cFZ5S3esXgpWgtSCtLNS41F+sKPA=="
    },
    "util-deprecate": {
      "version": "1.0.2",
      "resolved": "https://registry.npmjs.org/util-deprecate/-/util-deprecate-1.0.2.tgz",
      "integrity": "sha1-RQ1Nyfpw3nMnYvvS1KKJgUGaDM8="
    },
    "w3c-keyname": {
      "version": "2.2.4",
      "resolved": "https://registry.npmjs.org/w3c-keyname/-/w3c-keyname-2.2.4.tgz",
      "integrity": "sha512-tOhfEwEzFLJzf6d1ZPkYfGj+FWhIpBux9ppoP3rlclw3Z0BZv3N7b7030Z1kYth+6rDuAsXUFr+d0VE6Ed1ikw=="
    }
  }
}
